// !$*UTF8*$!
{
	archiveVersion = 1;
	classes = {
	};
	objectVersion = 48;
	objects = {

/* Begin PBXBuildFile section */
		441B816E20466034005EB4F2 /* TBCustomerBaseContentCell.m in Sources */ = {isa = PBXBuildFile; fileRef = 441B816C20466034005EB4F2 /* TBCustomerBaseContentCell.m */; };
		441B816F20466034005EB4F2 /* TBCustomerBaseContentCell.xib in Resources */ = {isa = PBXBuildFile; fileRef = 441B816D20466034005EB4F2 /* TBCustomerBaseContentCell.xib */; };
		441B817220469E9C005EB4F2 /* TBCustomerData.m in Sources */ = {isa = PBXBuildFile; fileRef = 441B817020469E9B005EB4F2 /* TBCustomerData.m */; };
		441B817620478F4C005EB4F2 /* TBCustomerCaseContentCell.m in Sources */ = {isa = PBXBuildFile; fileRef = 441B817420478F4C005EB4F2 /* TBCustomerCaseContentCell.m */; };
		441B817720478F4C005EB4F2 /* TBCustomerCaseContentCell.xib in Resources */ = {isa = PBXBuildFile; fileRef = 441B817520478F4C005EB4F2 /* TBCustomerCaseContentCell.xib */; };
		441B817B2047FBCA005EB4F2 /* TBObjectRelateDataCell.m in Sources */ = {isa = PBXBuildFile; fileRef = 441B81792047FBCA005EB4F2 /* TBObjectRelateDataCell.m */; };
		441B817C2047FBCA005EB4F2 /* TBObjectRelateDataCell.xib in Resources */ = {isa = PBXBuildFile; fileRef = 441B817A2047FBCA005EB4F2 /* TBObjectRelateDataCell.xib */; };
		441B8180204E6468005EB4F2 /* TBFinancingPlanDataCell.m in Sources */ = {isa = PBXBuildFile; fileRef = 441B817E204E6468005EB4F2 /* TBFinancingPlanDataCell.m */; };
		441B8181204E6468005EB4F2 /* TBFinancingPlanDataCell.xib in Resources */ = {isa = PBXBuildFile; fileRef = 441B817F204E6468005EB4F2 /* TBFinancingPlanDataCell.xib */; };
		441B8185204E8528005EB4F2 /* TBRepaymentplanCell.m in Sources */ = {isa = PBXBuildFile; fileRef = 441B8183204E8528005EB4F2 /* TBRepaymentplanCell.m */; };
		441B8189204FECA3005EB4F2 /* TBTempTabBarViewController.m in Sources */ = {isa = PBXBuildFile; fileRef = 441B8188204FECA3005EB4F2 /* TBTempTabBarViewController.m */; };
		441B818C204FEED9005EB4F2 /* TBTempSystemViewController.m in Sources */ = {isa = PBXBuildFile; fileRef = 441B818B204FEED9005EB4F2 /* TBTempSystemViewController.m */; };
		442F904A20317B8C00D049F3 /* TBHTTPSessionManager.m in Sources */ = {isa = PBXBuildFile; fileRef = 442F904520317B8C00D049F3 /* TBHTTPSessionManager.m */; };
		442F904B20317B8C00D049F3 /* TBNetWorkRequest.m in Sources */ = {isa = PBXBuildFile; fileRef = 442F904620317B8C00D049F3 /* TBNetWorkRequest.m */; };
		442F904C20317B8C00D049F3 /* TBAPPSetting.m in Sources */ = {isa = PBXBuildFile; fileRef = 442F904720317B8C00D049F3 /* TBAPPSetting.m */; };
		442F904F2031872C00D049F3 /* TBContractList.m in Sources */ = {isa = PBXBuildFile; fileRef = 442F904E2031872C00D049F3 /* TBContractList.m */; };
		442F90532031902000D049F3 /* TBContractListCell.m in Sources */ = {isa = PBXBuildFile; fileRef = 442F90512031902000D049F3 /* TBContractListCell.m */; };
		442F90542031902000D049F3 /* TBContractListCell.xib in Resources */ = {isa = PBXBuildFile; fileRef = 442F90522031902000D049F3 /* TBContractListCell.xib */; };
		442F90572032D54C00D049F3 /* TBCommonItemModel.m in Sources */ = {isa = PBXBuildFile; fileRef = 442F90562032D54C00D049F3 /* TBCommonItemModel.m */; };
		442F90652032DE8A00D049F3 /* TBSystemMenu.m in Sources */ = {isa = PBXBuildFile; fileRef = 442F90632032DE8A00D049F3 /* TBSystemMenu.m */; };
		446BE09C1EC2AEB900528513 /* TBFunction.m in Sources */ = {isa = PBXBuildFile; fileRef = 446BE09B1EC2AEB900528513 /* TBFunction.m */; };
		447E87281EBC1756005B4EE2 /* TBLoginViewController.storyboard in Resources */ = {isa = PBXBuildFile; fileRef = 447E87271EBC1756005B4EE2 /* TBLoginViewController.storyboard */; };
		447E872B1EBC2592005B4EE2 /* UIView+TBMBProgressHUD.m in Sources */ = {isa = PBXBuildFile; fileRef = 447E872A1EBC2592005B4EE2 /* UIView+TBMBProgressHUD.m */; };
		447E872E1EBC26F1005B4EE2 /* UIViewController+TBMBPProgressHUD.m in Sources */ = {isa = PBXBuildFile; fileRef = 447E872D1EBC26F1005B4EE2 /* UIViewController+TBMBPProgressHUD.m */; };
		44A01FB620511C96005B6054 /* TBApproveHisCell.m in Sources */ = {isa = PBXBuildFile; fileRef = 44A01FB520511C96005B6054 /* TBApproveHisCell.m */; };
		44A01FBA20526A20005B6054 /* TBTimeTypeCell.xib in Resources */ = {isa = PBXBuildFile; fileRef = 44A01FB720526A1F005B6054 /* TBTimeTypeCell.xib */; };
		44A01FBB20526A20005B6054 /* TBTimeTypeCell.m in Sources */ = {isa = PBXBuildFile; fileRef = 44A01FB920526A20005B6054 /* TBTimeTypeCell.m */; };
		44A01FBF2052749E005B6054 /* AbsenceDatePickerView.m in Sources */ = {isa = PBXBuildFile; fileRef = 44A01FBC2052749D005B6054 /* AbsenceDatePickerView.m */; };
		44A01FC02052749E005B6054 /* AbsenceDatePickerView.xib in Resources */ = {isa = PBXBuildFile; fileRef = 44A01FBE2052749E005B6054 /* AbsenceDatePickerView.xib */; };
		44A01FC3205275C3005B6054 /* TBInquireData.m in Sources */ = {isa = PBXBuildFile; fileRef = 44A01FC2205275C3005B6054 /* TBInquireData.m */; };
		44A01FC620527951005B6054 /* HelpObject.m in Sources */ = {isa = PBXBuildFile; fileRef = 44A01FC420527950005B6054 /* HelpObject.m */; };
		44A01FCA20562457005B6054 /* AbsenceTypePickerView.m in Sources */ = {isa = PBXBuildFile; fileRef = 44A01FC820562457005B6054 /* AbsenceTypePickerView.m */; };
		44A01FCB20562457005B6054 /* AbsenceTypePickerView.xib in Resources */ = {isa = PBXBuildFile; fileRef = 44A01FC920562457005B6054 /* AbsenceTypePickerView.xib */; };
		44A01FCE205626DC005B6054 /* AbsenceTypeEnumModel.m in Sources */ = {isa = PBXBuildFile; fileRef = 44A01FCC205626DC005B6054 /* AbsenceTypeEnumModel.m */; };
		44A5D4F61EB8757C00D924E9 /* Assets.xcassets in Resources */ = {isa = PBXBuildFile; fileRef = 44A5D4F51EB8757C00D924E9 /* Assets.xcassets */; };
		44A5D5041EB8757C00D924E9 /* TonBrightTests.m in Sources */ = {isa = PBXBuildFile; fileRef = 44A5D5031EB8757C00D924E9 /* TonBrightTests.m */; };
		44A5D50F1EB8757C00D924E9 /* TonBrightUITests.m in Sources */ = {isa = PBXBuildFile; fileRef = 44A5D50E1EB8757C00D924E9 /* TonBrightUITests.m */; };
		44A5D51F1EB87A2F00D924E9 /* Info.plist in Resources */ = {isa = PBXBuildFile; fileRef = 44A5D51E1EB87A2F00D924E9 /* Info.plist */; };
		44A5D5391EB87A5800D924E9 /* AppDelegate.m in Sources */ = {isa = PBXBuildFile; fileRef = 44A5D5371EB87A5800D924E9 /* AppDelegate.m */; };
		44A5D53A1EB87A5800D924E9 /* main.m in Sources */ = {isa = PBXBuildFile; fileRef = 44A5D5381EB87A5800D924E9 /* main.m */; };
		44A5D5411EB87F3400D924E9 /* TBTabBarController.m in Sources */ = {isa = PBXBuildFile; fileRef = 44A5D5401EB87F3400D924E9 /* TBTabBarController.m */; };
		44A5D5441EB8833400D924E9 /* TBSystemViewController.m in Sources */ = {isa = PBXBuildFile; fileRef = 44A5D5431EB8833400D924E9 /* TBSystemViewController.m */; };
		44A5D5471EB8837500D924E9 /* TBFocusViewController.m in Sources */ = {isa = PBXBuildFile; fileRef = 44A5D5461EB8837500D924E9 /* TBFocusViewController.m */; };
		44A5D54A1EB883AA00D924E9 /* TBMeViewController.m in Sources */ = {isa = PBXBuildFile; fileRef = 44A5D5491EB883AA00D924E9 /* TBMeViewController.m */; };
		44A5D54D1EB883D900D924E9 /* TBTodoViewController.m in Sources */ = {isa = PBXBuildFile; fileRef = 44A5D54C1EB883D900D924E9 /* TBTodoViewController.m */; };
		44A5D5501EB88C9100D924E9 /* TBTabBar.m in Sources */ = {isa = PBXBuildFile; fileRef = 44A5D54F1EB88C9100D924E9 /* TBTabBar.m */; };
		44A5D5561EB9671B00D924E9 /* UIView+PJExtension.m in Sources */ = {isa = PBXBuildFile; fileRef = 44A5D5551EB9671B00D924E9 /* UIView+PJExtension.m */; };
		44A5D55E1EB99D2E00D924E9 /* TBLoginViewController.m in Sources */ = {isa = PBXBuildFile; fileRef = 44A5D55C1EB99D2E00D924E9 /* TBLoginViewController.m */; };
		44A5D5621EB9AE4400D924E9 /* TBLoginTextField.m in Sources */ = {isa = PBXBuildFile; fileRef = 44A5D5611EB9AE4400D924E9 /* TBLoginTextField.m */; };
		44A5D5651EB9AEAE00D924E9 /* UITextField+TBExtension.m in Sources */ = {isa = PBXBuildFile; fileRef = 44A5D5641EB9AEAE00D924E9 /* UITextField+TBExtension.m */; };
		44A5D5711EBAD71600D924E9 /* TBUser.m in Sources */ = {isa = PBXBuildFile; fileRef = 44A5D5701EBAD71600D924E9 /* TBUser.m */; };
		44AC6823203E707A0043316B /* TBInquireController.m in Sources */ = {isa = PBXBuildFile; fileRef = 44AC6822203E707A0043316B /* TBInquireController.m */; };
		44AC6827203EB40E0043316B /* TBInquireDefaultCell.m in Sources */ = {isa = PBXBuildFile; fileRef = 44AC6825203EB40E0043316B /* TBInquireDefaultCell.m */; };
		44AC6828203EB40E0043316B /* TBInquireDefaultCell.xib in Resources */ = {isa = PBXBuildFile; fileRef = 44AC6826203EB40E0043316B /* TBInquireDefaultCell.xib */; };
		44AC683C2041614D0043316B /* TBContractDetailController.m in Sources */ = {isa = PBXBuildFile; fileRef = 44AC683B2041614D0043316B /* TBContractDetailController.m */; };
		44AC683F20416C050043316B /* TBContractDetailData.m in Sources */ = {isa = PBXBuildFile; fileRef = 44AC683D20416C050043316B /* TBContractDetailData.m */; };
		44BA62671EC95D62009FE7DA /* TBContractListViewController.m in Sources */ = {isa = PBXBuildFile; fileRef = 44BA62661EC95D62009FE7DA /* TBContractListViewController.m */; };
		44BE9BC32043F2F9003E1341 /* TBDetailBaseContentCell.m in Sources */ = {isa = PBXBuildFile; fileRef = 44BE9BC12043F2F9003E1341 /* TBDetailBaseContentCell.m */; };
		44BE9BC42043F2F9003E1341 /* TBDetailBaseContentCell.xib in Resources */ = {isa = PBXBuildFile; fileRef = 44BE9BC22043F2F9003E1341 /* TBDetailBaseContentCell.xib */; };
		82CBF6F801EF705B8DA242A0 /* libPods-TonBright.a in Frameworks */ = {isa = PBXBuildFile; fileRef = 1D4634E77ED09FDC4904872E /* libPods-TonBright.a */; };
/* End PBXBuildFile section */

/* Begin PBXContainerItemProxy section */
		44A5D5001EB8757C00D924E9 /* PBXContainerItemProxy */ = {
			isa = PBXContainerItemProxy;
			containerPortal = 44A5D4DE1EB8757C00D924E9 /* Project object */;
			proxyType = 1;
			remoteGlobalIDString = 44A5D4E51EB8757C00D924E9;
			remoteInfo = TonBright;
		};
		44A5D50B1EB8757C00D924E9 /* PBXContainerItemProxy */ = {
			isa = PBXContainerItemProxy;
			containerPortal = 44A5D4DE1EB8757C00D924E9 /* Project object */;
			proxyType = 1;
			remoteGlobalIDString = 44A5D4E51EB8757C00D924E9;
			remoteInfo = TonBright;
		};
/* End PBXContainerItemProxy section */

/* Begin PBXFileReference section */
		1D4634E77ED09FDC4904872E /* libPods-TonBright.a */ = {isa = PBXFileReference; explicitFileType = archive.ar; includeInIndex = 0; path = "libPods-TonBright.a"; sourceTree = BUILT_PRODUCTS_DIR; };
		36BB66F3B13A2B7559AE4F97 /* Pods-TonBright.debug.xcconfig */ = {isa = PBXFileReference; includeInIndex = 1; lastKnownFileType = text.xcconfig; name = "Pods-TonBright.debug.xcconfig"; path = "Pods/Target Support Files/Pods-TonBright/Pods-TonBright.debug.xcconfig"; sourceTree = "<group>"; };
		441B816B20466034005EB4F2 /* TBCustomerBaseContentCell.h */ = {isa = PBXFileReference; lastKnownFileType = sourcecode.c.h; path = TBCustomerBaseContentCell.h; sourceTree = "<group>"; };
		441B816C20466034005EB4F2 /* TBCustomerBaseContentCell.m */ = {isa = PBXFileReference; lastKnownFileType = sourcecode.c.objc; path = TBCustomerBaseContentCell.m; sourceTree = "<group>"; };
		441B816D20466034005EB4F2 /* TBCustomerBaseContentCell.xib */ = {isa = PBXFileReference; lastKnownFileType = file.xib; path = TBCustomerBaseContentCell.xib; sourceTree = "<group>"; };
		441B817020469E9B005EB4F2 /* TBCustomerData.m */ = {isa = PBXFileReference; fileEncoding = 4; lastKnownFileType = sourcecode.c.objc; path = TBCustomerData.m; sourceTree = "<group>"; };
		441B817120469E9C005EB4F2 /* TBCustomerData.h */ = {isa = PBXFileReference; fileEncoding = 4; lastKnownFileType = sourcecode.c.h; path = TBCustomerData.h; sourceTree = "<group>"; };
		441B817320478F4C005EB4F2 /* TBCustomerCaseContentCell.h */ = {isa = PBXFileReference; lastKnownFileType = sourcecode.c.h; path = TBCustomerCaseContentCell.h; sourceTree = "<group>"; };
		441B817420478F4C005EB4F2 /* TBCustomerCaseContentCell.m */ = {isa = PBXFileReference; lastKnownFileType = sourcecode.c.objc; path = TBCustomerCaseContentCell.m; sourceTree = "<group>"; };
		441B817520478F4C005EB4F2 /* TBCustomerCaseContentCell.xib */ = {isa = PBXFileReference; lastKnownFileType = file.xib; path = TBCustomerCaseContentCell.xib; sourceTree = "<group>"; };
		441B81782047FBCA005EB4F2 /* TBObjectRelateDataCell.h */ = {isa = PBXFileReference; lastKnownFileType = sourcecode.c.h; path = TBObjectRelateDataCell.h; sourceTree = "<group>"; };
		441B81792047FBCA005EB4F2 /* TBObjectRelateDataCell.m */ = {isa = PBXFileReference; lastKnownFileType = sourcecode.c.objc; path = TBObjectRelateDataCell.m; sourceTree = "<group>"; };
		441B817A2047FBCA005EB4F2 /* TBObjectRelateDataCell.xib */ = {isa = PBXFileReference; lastKnownFileType = file.xib; path = TBObjectRelateDataCell.xib; sourceTree = "<group>"; };
		441B817D204E6468005EB4F2 /* TBFinancingPlanDataCell.h */ = {isa = PBXFileReference; lastKnownFileType = sourcecode.c.h; path = TBFinancingPlanDataCell.h; sourceTree = "<group>"; };
		441B817E204E6468005EB4F2 /* TBFinancingPlanDataCell.m */ = {isa = PBXFileReference; lastKnownFileType = sourcecode.c.objc; path = TBFinancingPlanDataCell.m; sourceTree = "<group>"; };
		441B817F204E6468005EB4F2 /* TBFinancingPlanDataCell.xib */ = {isa = PBXFileReference; lastKnownFileType = file.xib; path = TBFinancingPlanDataCell.xib; sourceTree = "<group>"; };
		441B8182204E8528005EB4F2 /* TBRepaymentplanCell.h */ = {isa = PBXFileReference; lastKnownFileType = sourcecode.c.h; path = TBRepaymentplanCell.h; sourceTree = "<group>"; };
		441B8183204E8528005EB4F2 /* TBRepaymentplanCell.m */ = {isa = PBXFileReference; lastKnownFileType = sourcecode.c.objc; path = TBRepaymentplanCell.m; sourceTree = "<group>"; };
		441B8187204FECA3005EB4F2 /* TBTempTabBarViewController.h */ = {isa = PBXFileReference; lastKnownFileType = sourcecode.c.h; path = TBTempTabBarViewController.h; sourceTree = "<group>"; };
		441B8188204FECA3005EB4F2 /* TBTempTabBarViewController.m */ = {isa = PBXFileReference; lastKnownFileType = sourcecode.c.objc; path = TBTempTabBarViewController.m; sourceTree = "<group>"; };
		441B818A204FEED9005EB4F2 /* TBTempSystemViewController.h */ = {isa = PBXFileReference; lastKnownFileType = sourcecode.c.h; path = TBTempSystemViewController.h; sourceTree = "<group>"; };
		441B818B204FEED9005EB4F2 /* TBTempSystemViewController.m */ = {isa = PBXFileReference; lastKnownFileType = sourcecode.c.objc; path = TBTempSystemViewController.m; sourceTree = "<group>"; };
		442F904420317B8C00D049F3 /* TBAPPSetting.h */ = {isa = PBXFileReference; fileEncoding = 4; lastKnownFileType = sourcecode.c.h; path = TBAPPSetting.h; sourceTree = "<group>"; };
		442F904520317B8C00D049F3 /* TBHTTPSessionManager.m */ = {isa = PBXFileReference; fileEncoding = 4; lastKnownFileType = sourcecode.c.objc; path = TBHTTPSessionManager.m; sourceTree = "<group>"; };
		442F904620317B8C00D049F3 /* TBNetWorkRequest.m */ = {isa = PBXFileReference; fileEncoding = 4; lastKnownFileType = sourcecode.c.objc; path = TBNetWorkRequest.m; sourceTree = "<group>"; };
		442F904720317B8C00D049F3 /* TBAPPSetting.m */ = {isa = PBXFileReference; fileEncoding = 4; lastKnownFileType = sourcecode.c.objc; path = TBAPPSetting.m; sourceTree = "<group>"; };
		442F904820317B8C00D049F3 /* TBHTTPSessionManager.h */ = {isa = PBXFileReference; fileEncoding = 4; lastKnownFileType = sourcecode.c.h; path = TBHTTPSessionManager.h; sourceTree = "<group>"; };
		442F904920317B8C00D049F3 /* TBNetWorkRequest.h */ = {isa = PBXFileReference; fileEncoding = 4; lastKnownFileType = sourcecode.c.h; path = TBNetWorkRequest.h; sourceTree = "<group>"; };
		442F904D2031872C00D049F3 /* TBContractList.h */ = {isa = PBXFileReference; lastKnownFileType = sourcecode.c.h; path = TBContractList.h; sourceTree = "<group>"; };
		442F904E2031872C00D049F3 /* TBContractList.m */ = {isa = PBXFileReference; lastKnownFileType = sourcecode.c.objc; path = TBContractList.m; sourceTree = "<group>"; };
		442F90502031902000D049F3 /* TBContractListCell.h */ = {isa = PBXFileReference; lastKnownFileType = sourcecode.c.h; path = TBContractListCell.h; sourceTree = "<group>"; };
		442F90512031902000D049F3 /* TBContractListCell.m */ = {isa = PBXFileReference; lastKnownFileType = sourcecode.c.objc; path = TBContractListCell.m; sourceTree = "<group>"; };
		442F90522031902000D049F3 /* TBContractListCell.xib */ = {isa = PBXFileReference; lastKnownFileType = file.xib; path = TBContractListCell.xib; sourceTree = "<group>"; };
		442F90552032D54C00D049F3 /* TBCommonItemModel.h */ = {isa = PBXFileReference; lastKnownFileType = sourcecode.c.h; path = TBCommonItemModel.h; sourceTree = "<group>"; };
		442F90562032D54C00D049F3 /* TBCommonItemModel.m */ = {isa = PBXFileReference; lastKnownFileType = sourcecode.c.objc; path = TBCommonItemModel.m; sourceTree = "<group>"; };
		442F90632032DE8A00D049F3 /* TBSystemMenu.m */ = {isa = PBXFileReference; fileEncoding = 4; lastKnownFileType = sourcecode.c.objc; path = TBSystemMenu.m; sourceTree = "<group>"; };
		442F90642032DE8A00D049F3 /* TBSystemMenu.h */ = {isa = PBXFileReference; fileEncoding = 4; lastKnownFileType = sourcecode.c.h; path = TBSystemMenu.h; sourceTree = "<group>"; };
		446BE09A1EC2AEB900528513 /* TBFunction.h */ = {isa = PBXFileReference; fileEncoding = 4; lastKnownFileType = sourcecode.c.h; path = TBFunction.h; sourceTree = "<group>"; };
		446BE09B1EC2AEB900528513 /* TBFunction.m */ = {isa = PBXFileReference; fileEncoding = 4; lastKnownFileType = sourcecode.c.objc; path = TBFunction.m; sourceTree = "<group>"; };
		447E87271EBC1756005B4EE2 /* TBLoginViewController.storyboard */ = {isa = PBXFileReference; fileEncoding = 4; lastKnownFileType = file.storyboard; path = TBLoginViewController.storyboard; sourceTree = "<group>"; };
		447E87291EBC2592005B4EE2 /* UIView+TBMBProgressHUD.h */ = {isa = PBXFileReference; fileEncoding = 4; lastKnownFileType = sourcecode.c.h; path = "UIView+TBMBProgressHUD.h"; sourceTree = "<group>"; };
		447E872A1EBC2592005B4EE2 /* UIView+TBMBProgressHUD.m */ = {isa = PBXFileReference; fileEncoding = 4; lastKnownFileType = sourcecode.c.objc; path = "UIView+TBMBProgressHUD.m"; sourceTree = "<group>"; };
		447E872C1EBC26F1005B4EE2 /* UIViewController+TBMBPProgressHUD.h */ = {isa = PBXFileReference; fileEncoding = 4; lastKnownFileType = sourcecode.c.h; path = "UIViewController+TBMBPProgressHUD.h"; sourceTree = "<group>"; };
		447E872D1EBC26F1005B4EE2 /* UIViewController+TBMBPProgressHUD.m */ = {isa = PBXFileReference; fileEncoding = 4; lastKnownFileType = sourcecode.c.objc; path = "UIViewController+TBMBPProgressHUD.m"; sourceTree = "<group>"; };
		44A01FB420511C96005B6054 /* TBApproveHisCell.h */ = {isa = PBXFileReference; lastKnownFileType = sourcecode.c.h; path = TBApproveHisCell.h; sourceTree = "<group>"; };
		44A01FB520511C96005B6054 /* TBApproveHisCell.m */ = {isa = PBXFileReference; lastKnownFileType = sourcecode.c.objc; path = TBApproveHisCell.m; sourceTree = "<group>"; };
		44A01FB720526A1F005B6054 /* TBTimeTypeCell.xib */ = {isa = PBXFileReference; fileEncoding = 4; lastKnownFileType = file.xib; path = TBTimeTypeCell.xib; sourceTree = "<group>"; };
		44A01FB820526A20005B6054 /* TBTimeTypeCell.h */ = {isa = PBXFileReference; fileEncoding = 4; lastKnownFileType = sourcecode.c.h; path = TBTimeTypeCell.h; sourceTree = "<group>"; };
		44A01FB920526A20005B6054 /* TBTimeTypeCell.m */ = {isa = PBXFileReference; fileEncoding = 4; lastKnownFileType = sourcecode.c.objc; path = TBTimeTypeCell.m; sourceTree = "<group>"; };
		44A01FBC2052749D005B6054 /* AbsenceDatePickerView.m */ = {isa = PBXFileReference; fileEncoding = 4; lastKnownFileType = sourcecode.c.objc; path = AbsenceDatePickerView.m; sourceTree = "<group>"; };
		44A01FBD2052749E005B6054 /* AbsenceDatePickerView.h */ = {isa = PBXFileReference; fileEncoding = 4; lastKnownFileType = sourcecode.c.h; path = AbsenceDatePickerView.h; sourceTree = "<group>"; };
		44A01FBE2052749E005B6054 /* AbsenceDatePickerView.xib */ = {isa = PBXFileReference; fileEncoding = 4; lastKnownFileType = file.xib; path = AbsenceDatePickerView.xib; sourceTree = "<group>"; };
		44A01FC1205275C3005B6054 /* TBInquireData.h */ = {isa = PBXFileReference; lastKnownFileType = sourcecode.c.h; path = TBInquireData.h; sourceTree = "<group>"; };
		44A01FC2205275C3005B6054 /* TBInquireData.m */ = {isa = PBXFileReference; lastKnownFileType = sourcecode.c.objc; path = TBInquireData.m; sourceTree = "<group>"; };
		44A01FC420527950005B6054 /* HelpObject.m */ = {isa = PBXFileReference; fileEncoding = 4; lastKnownFileType = sourcecode.c.objc; path = HelpObject.m; sourceTree = "<group>"; };
		44A01FC520527950005B6054 /* HelpObject.h */ = {isa = PBXFileReference; fileEncoding = 4; lastKnownFileType = sourcecode.c.h; path = HelpObject.h; sourceTree = "<group>"; };
		44A01FC720562456005B6054 /* AbsenceTypePickerView.h */ = {isa = PBXFileReference; fileEncoding = 4; lastKnownFileType = sourcecode.c.h; path = AbsenceTypePickerView.h; sourceTree = "<group>"; };
		44A01FC820562457005B6054 /* AbsenceTypePickerView.m */ = {isa = PBXFileReference; fileEncoding = 4; lastKnownFileType = sourcecode.c.objc; path = AbsenceTypePickerView.m; sourceTree = "<group>"; };
		44A01FC920562457005B6054 /* AbsenceTypePickerView.xib */ = {isa = PBXFileReference; fileEncoding = 4; lastKnownFileType = file.xib; path = AbsenceTypePickerView.xib; sourceTree = "<group>"; };
		44A01FCC205626DC005B6054 /* AbsenceTypeEnumModel.m */ = {isa = PBXFileReference; fileEncoding = 4; lastKnownFileType = sourcecode.c.objc; path = AbsenceTypeEnumModel.m; sourceTree = "<group>"; };
		44A01FCD205626DC005B6054 /* AbsenceTypeEnumModel.h */ = {isa = PBXFileReference; fileEncoding = 4; lastKnownFileType = sourcecode.c.h; path = AbsenceTypeEnumModel.h; sourceTree = "<group>"; };
		44A5D4E61EB8757C00D924E9 /* TonBright.app */ = {isa = PBXFileReference; explicitFileType = wrapper.application; includeInIndex = 0; path = TonBright.app; sourceTree = BUILT_PRODUCTS_DIR; };
		44A5D4F51EB8757C00D924E9 /* Assets.xcassets */ = {isa = PBXFileReference; lastKnownFileType = folder.assetcatalog; path = Assets.xcassets; sourceTree = "<group>"; };
		44A5D4FF1EB8757C00D924E9 /* TonBrightTests.xctest */ = {isa = PBXFileReference; explicitFileType = wrapper.cfbundle; includeInIndex = 0; path = TonBrightTests.xctest; sourceTree = BUILT_PRODUCTS_DIR; };
		44A5D5031EB8757C00D924E9 /* TonBrightTests.m */ = {isa = PBXFileReference; lastKnownFileType = sourcecode.c.objc; path = TonBrightTests.m; sourceTree = "<group>"; };
		44A5D5051EB8757C00D924E9 /* Info.plist */ = {isa = PBXFileReference; lastKnownFileType = text.plist.xml; path = Info.plist; sourceTree = "<group>"; };
		44A5D50A1EB8757C00D924E9 /* TonBrightUITests.xctest */ = {isa = PBXFileReference; explicitFileType = wrapper.cfbundle; includeInIndex = 0; path = TonBrightUITests.xctest; sourceTree = BUILT_PRODUCTS_DIR; };
		44A5D50E1EB8757C00D924E9 /* TonBrightUITests.m */ = {isa = PBXFileReference; lastKnownFileType = sourcecode.c.objc; path = TonBrightUITests.m; sourceTree = "<group>"; };
		44A5D5101EB8757C00D924E9 /* Info.plist */ = {isa = PBXFileReference; lastKnownFileType = text.plist.xml; path = Info.plist; sourceTree = "<group>"; };
		44A5D51E1EB87A2F00D924E9 /* Info.plist */ = {isa = PBXFileReference; fileEncoding = 4; lastKnownFileType = text.plist.xml; path = Info.plist; sourceTree = "<group>"; };
		44A5D5361EB87A5800D924E9 /* AppDelegate.h */ = {isa = PBXFileReference; fileEncoding = 4; lastKnownFileType = sourcecode.c.h; path = AppDelegate.h; sourceTree = "<group>"; };
		44A5D5371EB87A5800D924E9 /* AppDelegate.m */ = {isa = PBXFileReference; fileEncoding = 4; lastKnownFileType = sourcecode.c.objc; path = AppDelegate.m; sourceTree = "<group>"; };
		44A5D5381EB87A5800D924E9 /* main.m */ = {isa = PBXFileReference; fileEncoding = 4; lastKnownFileType = sourcecode.c.objc; path = main.m; sourceTree = "<group>"; };
		44A5D53F1EB87F3400D924E9 /* TBTabBarController.h */ = {isa = PBXFileReference; fileEncoding = 4; lastKnownFileType = sourcecode.c.h; path = TBTabBarController.h; sourceTree = "<group>"; };
		44A5D5401EB87F3400D924E9 /* TBTabBarController.m */ = {isa = PBXFileReference; fileEncoding = 4; lastKnownFileType = sourcecode.c.objc; path = TBTabBarController.m; sourceTree = "<group>"; };
		44A5D5421EB8833400D924E9 /* TBSystemViewController.h */ = {isa = PBXFileReference; fileEncoding = 4; lastKnownFileType = sourcecode.c.h; path = TBSystemViewController.h; sourceTree = "<group>"; };
		44A5D5431EB8833400D924E9 /* TBSystemViewController.m */ = {isa = PBXFileReference; fileEncoding = 4; lastKnownFileType = sourcecode.c.objc; path = TBSystemViewController.m; sourceTree = "<group>"; };
		44A5D5451EB8837500D924E9 /* TBFocusViewController.h */ = {isa = PBXFileReference; fileEncoding = 4; lastKnownFileType = sourcecode.c.h; path = TBFocusViewController.h; sourceTree = "<group>"; };
		44A5D5461EB8837500D924E9 /* TBFocusViewController.m */ = {isa = PBXFileReference; fileEncoding = 4; lastKnownFileType = sourcecode.c.objc; path = TBFocusViewController.m; sourceTree = "<group>"; };
		44A5D5481EB883AA00D924E9 /* TBMeViewController.h */ = {isa = PBXFileReference; fileEncoding = 4; lastKnownFileType = sourcecode.c.h; path = TBMeViewController.h; sourceTree = "<group>"; };
		44A5D5491EB883AA00D924E9 /* TBMeViewController.m */ = {isa = PBXFileReference; fileEncoding = 4; lastKnownFileType = sourcecode.c.objc; path = TBMeViewController.m; sourceTree = "<group>"; };
		44A5D54B1EB883D900D924E9 /* TBTodoViewController.h */ = {isa = PBXFileReference; fileEncoding = 4; lastKnownFileType = sourcecode.c.h; path = TBTodoViewController.h; sourceTree = "<group>"; };
		44A5D54C1EB883D900D924E9 /* TBTodoViewController.m */ = {isa = PBXFileReference; fileEncoding = 4; lastKnownFileType = sourcecode.c.objc; path = TBTodoViewController.m; sourceTree = "<group>"; };
		44A5D54E1EB88C9100D924E9 /* TBTabBar.h */ = {isa = PBXFileReference; fileEncoding = 4; lastKnownFileType = sourcecode.c.h; path = TBTabBar.h; sourceTree = "<group>"; };
		44A5D54F1EB88C9100D924E9 /* TBTabBar.m */ = {isa = PBXFileReference; fileEncoding = 4; lastKnownFileType = sourcecode.c.objc; path = TBTabBar.m; sourceTree = "<group>"; };
		44A5D5541EB9671B00D924E9 /* UIView+PJExtension.h */ = {isa = PBXFileReference; fileEncoding = 4; lastKnownFileType = sourcecode.c.h; path = "UIView+PJExtension.h"; sourceTree = "<group>"; };
		44A5D5551EB9671B00D924E9 /* UIView+PJExtension.m */ = {isa = PBXFileReference; fileEncoding = 4; lastKnownFileType = sourcecode.c.objc; path = "UIView+PJExtension.m"; sourceTree = "<group>"; };
		44A5D5581EB96F4C00D924E9 /* TonBright.pch */ = {isa = PBXFileReference; fileEncoding = 4; lastKnownFileType = sourcecode.c.h; name = TonBright.pch; path = ../../../TonBright.pch; sourceTree = "<group>"; };
		44A5D55B1EB99D2E00D924E9 /* TBLoginViewController.h */ = {isa = PBXFileReference; fileEncoding = 4; lastKnownFileType = sourcecode.c.h; path = TBLoginViewController.h; sourceTree = "<group>"; };
		44A5D55C1EB99D2E00D924E9 /* TBLoginViewController.m */ = {isa = PBXFileReference; fileEncoding = 4; lastKnownFileType = sourcecode.c.objc; path = TBLoginViewController.m; sourceTree = "<group>"; };
		44A5D5601EB9AE4400D924E9 /* TBLoginTextField.h */ = {isa = PBXFileReference; fileEncoding = 4; lastKnownFileType = sourcecode.c.h; path = TBLoginTextField.h; sourceTree = "<group>"; };
		44A5D5611EB9AE4400D924E9 /* TBLoginTextField.m */ = {isa = PBXFileReference; fileEncoding = 4; lastKnownFileType = sourcecode.c.objc; path = TBLoginTextField.m; sourceTree = "<group>"; };
		44A5D5631EB9AEAE00D924E9 /* UITextField+TBExtension.h */ = {isa = PBXFileReference; fileEncoding = 4; lastKnownFileType = sourcecode.c.h; path = "UITextField+TBExtension.h"; sourceTree = "<group>"; };
		44A5D5641EB9AEAE00D924E9 /* UITextField+TBExtension.m */ = {isa = PBXFileReference; fileEncoding = 4; lastKnownFileType = sourcecode.c.objc; path = "UITextField+TBExtension.m"; sourceTree = "<group>"; };
		44A5D56F1EBAD71600D924E9 /* TBUser.h */ = {isa = PBXFileReference; fileEncoding = 4; lastKnownFileType = sourcecode.c.h; path = TBUser.h; sourceTree = "<group>"; };
		44A5D5701EBAD71600D924E9 /* TBUser.m */ = {isa = PBXFileReference; fileEncoding = 4; lastKnownFileType = sourcecode.c.objc; path = TBUser.m; sourceTree = "<group>"; };
		44AC6821203E707A0043316B /* TBInquireController.h */ = {isa = PBXFileReference; lastKnownFileType = sourcecode.c.h; path = TBInquireController.h; sourceTree = "<group>"; };
		44AC6822203E707A0043316B /* TBInquireController.m */ = {isa = PBXFileReference; lastKnownFileType = sourcecode.c.objc; path = TBInquireController.m; sourceTree = "<group>"; };
		44AC6824203EB40E0043316B /* TBInquireDefaultCell.h */ = {isa = PBXFileReference; lastKnownFileType = sourcecode.c.h; path = TBInquireDefaultCell.h; sourceTree = "<group>"; };
		44AC6825203EB40E0043316B /* TBInquireDefaultCell.m */ = {isa = PBXFileReference; lastKnownFileType = sourcecode.c.objc; path = TBInquireDefaultCell.m; sourceTree = "<group>"; };
		44AC6826203EB40E0043316B /* TBInquireDefaultCell.xib */ = {isa = PBXFileReference; lastKnownFileType = file.xib; path = TBInquireDefaultCell.xib; sourceTree = "<group>"; };
		44AC683A2041614D0043316B /* TBContractDetailController.h */ = {isa = PBXFileReference; lastKnownFileType = sourcecode.c.h; path = TBContractDetailController.h; sourceTree = "<group>"; };
		44AC683B2041614D0043316B /* TBContractDetailController.m */ = {isa = PBXFileReference; lastKnownFileType = sourcecode.c.objc; path = TBContractDetailController.m; sourceTree = "<group>"; };
		44AC683D20416C050043316B /* TBContractDetailData.m */ = {isa = PBXFileReference; fileEncoding = 4; lastKnownFileType = sourcecode.c.objc; path = TBContractDetailData.m; sourceTree = "<group>"; };
		44AC683E20416C050043316B /* TBContractDetailData.h */ = {isa = PBXFileReference; fileEncoding = 4; lastKnownFileType = sourcecode.c.h; path = TBContractDetailData.h; sourceTree = "<group>"; };
		44BA62651EC95D62009FE7DA /* TBContractListViewController.h */ = {isa = PBXFileReference; fileEncoding = 4; lastKnownFileType = sourcecode.c.h; path = TBContractListViewController.h; sourceTree = "<group>"; };
		44BA62661EC95D62009FE7DA /* TBContractListViewController.m */ = {isa = PBXFileReference; fileEncoding = 4; lastKnownFileType = sourcecode.c.objc; path = TBContractListViewController.m; sourceTree = "<group>"; };
		44BE9BC02043F2F9003E1341 /* TBDetailBaseContentCell.h */ = {isa = PBXFileReference; lastKnownFileType = sourcecode.c.h; path = TBDetailBaseContentCell.h; sourceTree = "<group>"; };
		44BE9BC12043F2F9003E1341 /* TBDetailBaseContentCell.m */ = {isa = PBXFileReference; lastKnownFileType = sourcecode.c.objc; path = TBDetailBaseContentCell.m; sourceTree = "<group>"; };
		44BE9BC22043F2F9003E1341 /* TBDetailBaseContentCell.xib */ = {isa = PBXFileReference; lastKnownFileType = file.xib; path = TBDetailBaseContentCell.xib; sourceTree = "<group>"; };
		F492298DDFEE419F458C69AA /* Pods-TonBright.release.xcconfig */ = {isa = PBXFileReference; includeInIndex = 1; lastKnownFileType = text.xcconfig; name = "Pods-TonBright.release.xcconfig"; path = "Pods/Target Support Files/Pods-TonBright/Pods-TonBright.release.xcconfig"; sourceTree = "<group>"; };
/* End PBXFileReference section */

/* Begin PBXFrameworksBuildPhase section */
		44A5D4E31EB8757C00D924E9 /* Frameworks */ = {
			isa = PBXFrameworksBuildPhase;
			buildActionMask = 2147483647;
			files = (
				82CBF6F801EF705B8DA242A0 /* libPods-TonBright.a in Frameworks */,
			);
			runOnlyForDeploymentPostprocessing = 0;
		};
		44A5D4FC1EB8757C00D924E9 /* Frameworks */ = {
			isa = PBXFrameworksBuildPhase;
			buildActionMask = 2147483647;
			files = (
			);
			runOnlyForDeploymentPostprocessing = 0;
		};
		44A5D5071EB8757C00D924E9 /* Frameworks */ = {
			isa = PBXFrameworksBuildPhase;
			buildActionMask = 2147483647;
			files = (
			);
			runOnlyForDeploymentPostprocessing = 0;
		};
/* End PBXFrameworksBuildPhase section */

/* Begin PBXGroup section */
		442F904320317B8C00D049F3 /* Tools */ = {
			isa = PBXGroup;
			children = (
				44A01FC520527950005B6054 /* HelpObject.h */,
				44A01FC420527950005B6054 /* HelpObject.m */,
				442F904420317B8C00D049F3 /* TBAPPSetting.h */,
				442F904720317B8C00D049F3 /* TBAPPSetting.m */,
				442F904820317B8C00D049F3 /* TBHTTPSessionManager.h */,
				442F904520317B8C00D049F3 /* TBHTTPSessionManager.m */,
				442F904920317B8C00D049F3 /* TBNetWorkRequest.h */,
				442F904620317B8C00D049F3 /* TBNetWorkRequest.m */,
			);
			name = Tools;
			path = "TonBright/Classes/Other-其他/Tools";
			sourceTree = SOURCE_ROOT;
		};
		44A5D4DD1EB8757C00D924E9 = {
			isa = PBXGroup;
			children = (
				44A5D4E81EB8757C00D924E9 /* TonBright */,
				44A5D5021EB8757C00D924E9 /* TonBrightTests */,
				44A5D50D1EB8757C00D924E9 /* TonBrightUITests */,
				44A5D4E71EB8757C00D924E9 /* Products */,
				F4239FADF00EC9E58CA48BAC /* Pods */,
				E859810EE14612C978DE1713 /* Frameworks */,
			);
			sourceTree = "<group>";
		};
		44A5D4E71EB8757C00D924E9 /* Products */ = {
			isa = PBXGroup;
			children = (
				44A5D4E61EB8757C00D924E9 /* TonBright.app */,
				44A5D4FF1EB8757C00D924E9 /* TonBrightTests.xctest */,
				44A5D50A1EB8757C00D924E9 /* TonBrightUITests.xctest */,
			);
			name = Products;
			sourceTree = "<group>";
		};
		44A5D4E81EB8757C00D924E9 /* TonBright */ = {
			isa = PBXGroup;
			children = (
				44A5D5201EB87A5800D924E9 /* Classes */,
				44A5D4E91EB8757C00D924E9 /* Supporting Files */,
			);
			path = TonBright;
			sourceTree = "<group>";
		};
		44A5D4E91EB8757C00D924E9 /* Supporting Files */ = {
			isa = PBXGroup;
			children = (
				44A5D51E1EB87A2F00D924E9 /* Info.plist */,
				44A5D4F51EB8757C00D924E9 /* Assets.xcassets */,
			);
			name = "Supporting Files";
			sourceTree = "<group>";
		};
		44A5D5021EB8757C00D924E9 /* TonBrightTests */ = {
			isa = PBXGroup;
			children = (
				44A5D5031EB8757C00D924E9 /* TonBrightTests.m */,
				44A5D5051EB8757C00D924E9 /* Info.plist */,
			);
			path = TonBrightTests;
			sourceTree = "<group>";
		};
		44A5D50D1EB8757C00D924E9 /* TonBrightUITests */ = {
			isa = PBXGroup;
			children = (
				44A5D50E1EB8757C00D924E9 /* TonBrightUITests.m */,
				44A5D5101EB8757C00D924E9 /* Info.plist */,
			);
			path = TonBrightUITests;
			sourceTree = "<group>";
		};
		44A5D5201EB87A5800D924E9 /* Classes */ = {
			isa = PBXGroup;
			children = (
				44A5D52D1EB87A5800D924E9 /* My to-do我的待办 */,
				44A5D5211EB87A5800D924E9 /* Business system-业务系统 */,
				44A5D5311EB87A5800D924E9 /* New-新建 */,
				44A5D5251EB87A5800D924E9 /* Focus-关注 */,
				44A5D5291EB87A5800D924E9 /* Me-我的设置 */,
				44A5D5351EB87A5800D924E9 /* Other-其他 */,
			);
			path = Classes;
			sourceTree = "<group>";
		};
		44A5D5211EB87A5800D924E9 /* Business system-业务系统 */ = {
			isa = PBXGroup;
			children = (
				44A5D5221EB87A5800D924E9 /* Controllor */,
				44A5D5231EB87A5800D924E9 /* Model */,
				44A5D5241EB87A5800D924E9 /* View */,
			);
			path = "Business system-业务系统";
			sourceTree = "<group>";
		};
		44A5D5221EB87A5800D924E9 /* Controllor */ = {
			isa = PBXGroup;
			children = (
				44A5D5421EB8833400D924E9 /* TBSystemViewController.h */,
				44A5D5431EB8833400D924E9 /* TBSystemViewController.m */,
				44BA62651EC95D62009FE7DA /* TBContractListViewController.h */,
				44BA62661EC95D62009FE7DA /* TBContractListViewController.m */,
				44AC6821203E707A0043316B /* TBInquireController.h */,
				44AC6822203E707A0043316B /* TBInquireController.m */,
				44AC683A2041614D0043316B /* TBContractDetailController.h */,
				44AC683B2041614D0043316B /* TBContractDetailController.m */,
				441B818A204FEED9005EB4F2 /* TBTempSystemViewController.h */,
				441B818B204FEED9005EB4F2 /* TBTempSystemViewController.m */,
			);
			path = Controllor;
			sourceTree = "<group>";
		};
		44A5D5231EB87A5800D924E9 /* Model */ = {
			isa = PBXGroup;
			children = (
				44A01FCD205626DC005B6054 /* AbsenceTypeEnumModel.h */,
				44A01FCC205626DC005B6054 /* AbsenceTypeEnumModel.m */,
				441B817120469E9C005EB4F2 /* TBCustomerData.h */,
				441B817020469E9B005EB4F2 /* TBCustomerData.m */,
				44AC683E20416C050043316B /* TBContractDetailData.h */,
				44AC683D20416C050043316B /* TBContractDetailData.m */,
				442F90642032DE8A00D049F3 /* TBSystemMenu.h */,
				442F90632032DE8A00D049F3 /* TBSystemMenu.m */,
				446BE09A1EC2AEB900528513 /* TBFunction.h */,
				446BE09B1EC2AEB900528513 /* TBFunction.m */,
				442F904D2031872C00D049F3 /* TBContractList.h */,
				442F904E2031872C00D049F3 /* TBContractList.m */,
				442F90552032D54C00D049F3 /* TBCommonItemModel.h */,
				442F90562032D54C00D049F3 /* TBCommonItemModel.m */,
				44A01FC1205275C3005B6054 /* TBInquireData.h */,
				44A01FC2205275C3005B6054 /* TBInquireData.m */,
			);
			path = Model;
			sourceTree = "<group>";
		};
		44A5D5241EB87A5800D924E9 /* View */ = {
			isa = PBXGroup;
			children = (
				44A01FC720562456005B6054 /* AbsenceTypePickerView.h */,
				44A01FC820562457005B6054 /* AbsenceTypePickerView.m */,
				44A01FC920562457005B6054 /* AbsenceTypePickerView.xib */,
				44A01FBD2052749E005B6054 /* AbsenceDatePickerView.h */,
				44A01FBC2052749D005B6054 /* AbsenceDatePickerView.m */,
				44A01FBE2052749E005B6054 /* AbsenceDatePickerView.xib */,
				44A01FB820526A20005B6054 /* TBTimeTypeCell.h */,
				44A01FB920526A20005B6054 /* TBTimeTypeCell.m */,
				44A01FB720526A1F005B6054 /* TBTimeTypeCell.xib */,
				442F90502031902000D049F3 /* TBContractListCell.h */,
				442F90512031902000D049F3 /* TBContractListCell.m */,
				442F90522031902000D049F3 /* TBContractListCell.xib */,
				44AC6824203EB40E0043316B /* TBInquireDefaultCell.h */,
				44AC6825203EB40E0043316B /* TBInquireDefaultCell.m */,
				44AC6826203EB40E0043316B /* TBInquireDefaultCell.xib */,
				44BE9BC02043F2F9003E1341 /* TBDetailBaseContentCell.h */,
				44BE9BC12043F2F9003E1341 /* TBDetailBaseContentCell.m */,
				44BE9BC22043F2F9003E1341 /* TBDetailBaseContentCell.xib */,
				441B816B20466034005EB4F2 /* TBCustomerBaseContentCell.h */,
				441B816C20466034005EB4F2 /* TBCustomerBaseContentCell.m */,
				441B816D20466034005EB4F2 /* TBCustomerBaseContentCell.xib */,
				441B817320478F4C005EB4F2 /* TBCustomerCaseContentCell.h */,
				441B817420478F4C005EB4F2 /* TBCustomerCaseContentCell.m */,
				441B817520478F4C005EB4F2 /* TBCustomerCaseContentCell.xib */,
				441B81782047FBCA005EB4F2 /* TBObjectRelateDataCell.h */,
				441B81792047FBCA005EB4F2 /* TBObjectRelateDataCell.m */,
				441B817A2047FBCA005EB4F2 /* TBObjectRelateDataCell.xib */,
				441B817D204E6468005EB4F2 /* TBFinancingPlanDataCell.h */,
				441B817E204E6468005EB4F2 /* TBFinancingPlanDataCell.m */,
				441B817F204E6468005EB4F2 /* TBFinancingPlanDataCell.xib */,
				441B8182204E8528005EB4F2 /* TBRepaymentplanCell.h */,
				441B8183204E8528005EB4F2 /* TBRepaymentplanCell.m */,
				44A01FB420511C96005B6054 /* TBApproveHisCell.h */,
				44A01FB520511C96005B6054 /* TBApproveHisCell.m */,
			);
			path = View;
			sourceTree = "<group>";
		};
		44A5D5251EB87A5800D924E9 /* Focus-关注 */ = {
			isa = PBXGroup;
			children = (
				44A5D5261EB87A5800D924E9 /* Controllor */,
				44A5D5271EB87A5800D924E9 /* Model */,
				44A5D5281EB87A5800D924E9 /* View */,
			);
			path = "Focus-关注";
			sourceTree = "<group>";
		};
		44A5D5261EB87A5800D924E9 /* Controllor */ = {
			isa = PBXGroup;
			children = (
				44A5D5451EB8837500D924E9 /* TBFocusViewController.h */,
				44A5D5461EB8837500D924E9 /* TBFocusViewController.m */,
			);
			path = Controllor;
			sourceTree = "<group>";
		};
		44A5D5271EB87A5800D924E9 /* Model */ = {
			isa = PBXGroup;
			children = (
			);
			path = Model;
			sourceTree = "<group>";
		};
		44A5D5281EB87A5800D924E9 /* View */ = {
			isa = PBXGroup;
			children = (
			);
			path = View;
			sourceTree = "<group>";
		};
		44A5D5291EB87A5800D924E9 /* Me-我的设置 */ = {
			isa = PBXGroup;
			children = (
				44A5D52A1EB87A5800D924E9 /* Controllor */,
				44A5D52B1EB87A5800D924E9 /* Model */,
				44A5D52C1EB87A5800D924E9 /* View */,
			);
			path = "Me-我的设置";
			sourceTree = "<group>";
		};
		44A5D52A1EB87A5800D924E9 /* Controllor */ = {
			isa = PBXGroup;
			children = (
				44A5D5481EB883AA00D924E9 /* TBMeViewController.h */,
				44A5D5491EB883AA00D924E9 /* TBMeViewController.m */,
			);
			path = Controllor;
			sourceTree = "<group>";
		};
		44A5D52B1EB87A5800D924E9 /* Model */ = {
			isa = PBXGroup;
			children = (
			);
			path = Model;
			sourceTree = "<group>";
		};
		44A5D52C1EB87A5800D924E9 /* View */ = {
			isa = PBXGroup;
			children = (
			);
			path = View;
			sourceTree = "<group>";
		};
		44A5D52D1EB87A5800D924E9 /* My to-do我的待办 */ = {
			isa = PBXGroup;
			children = (
				44A5D52E1EB87A5800D924E9 /* Controllor */,
				44A5D52F1EB87A5800D924E9 /* Model */,
				44A5D5301EB87A5800D924E9 /* View */,
			);
			path = "My to-do我的待办";
			sourceTree = "<group>";
		};
		44A5D52E1EB87A5800D924E9 /* Controllor */ = {
			isa = PBXGroup;
			children = (
				44A5D54B1EB883D900D924E9 /* TBTodoViewController.h */,
				44A5D54C1EB883D900D924E9 /* TBTodoViewController.m */,
			);
			path = Controllor;
			sourceTree = "<group>";
		};
		44A5D52F1EB87A5800D924E9 /* Model */ = {
			isa = PBXGroup;
			children = (
				44A5D56F1EBAD71600D924E9 /* TBUser.h */,
				44A5D5701EBAD71600D924E9 /* TBUser.m */,
			);
			path = Model;
			sourceTree = "<group>";
		};
		44A5D5301EB87A5800D924E9 /* View */ = {
			isa = PBXGroup;
			children = (
			);
			path = View;
			sourceTree = "<group>";
		};
		44A5D5311EB87A5800D924E9 /* New-新建 */ = {
			isa = PBXGroup;
			children = (
				44A5D5321EB87A5800D924E9 /* Controllor */,
				44A5D5331EB87A5800D924E9 /* Model */,
				44A5D5341EB87A5800D924E9 /* View */,
			);
			path = "New-新建";
			sourceTree = "<group>";
		};
		44A5D5321EB87A5800D924E9 /* Controllor */ = {
			isa = PBXGroup;
			children = (
			);
			path = Controllor;
			sourceTree = "<group>";
		};
		44A5D5331EB87A5800D924E9 /* Model */ = {
			isa = PBXGroup;
			children = (
			);
			path = Model;
			sourceTree = "<group>";
		};
		44A5D5341EB87A5800D924E9 /* View */ = {
			isa = PBXGroup;
			children = (
			);
			path = View;
			sourceTree = "<group>";
		};
		44A5D5351EB87A5800D924E9 /* Other-其他 */ = {
			isa = PBXGroup;
			children = (
				44A5D53C1EB87EDF00D924E9 /* Category */,
				44A5D53D1EB87EDF00D924E9 /* Controller */,
				442F904320317B8C00D049F3 /* Tools */,
				44A5D53E1EB87EDF00D924E9 /* View */,
				44A5D5361EB87A5800D924E9 /* AppDelegate.h */,
				44A5D5371EB87A5800D924E9 /* AppDelegate.m */,
				44A5D5381EB87A5800D924E9 /* main.m */,
				44A5D5581EB96F4C00D924E9 /* TonBright.pch */,
			);
			path = "Other-其他";
			sourceTree = "<group>";
		};
		44A5D53C1EB87EDF00D924E9 /* Category */ = {
			isa = PBXGroup;
			children = (
				44A5D5541EB9671B00D924E9 /* UIView+PJExtension.h */,
				44A5D5551EB9671B00D924E9 /* UIView+PJExtension.m */,
				44A5D5631EB9AEAE00D924E9 /* UITextField+TBExtension.h */,
				44A5D5641EB9AEAE00D924E9 /* UITextField+TBExtension.m */,
				447E87291EBC2592005B4EE2 /* UIView+TBMBProgressHUD.h */,
				447E872A1EBC2592005B4EE2 /* UIView+TBMBProgressHUD.m */,
				447E872C1EBC26F1005B4EE2 /* UIViewController+TBMBPProgressHUD.h */,
				447E872D1EBC26F1005B4EE2 /* UIViewController+TBMBPProgressHUD.m */,
			);
			path = Category;
			sourceTree = "<group>";
		};
		44A5D53D1EB87EDF00D924E9 /* Controller */ = {
			isa = PBXGroup;
			children = (
				44A5D53F1EB87F3400D924E9 /* TBTabBarController.h */,
				44A5D5401EB87F3400D924E9 /* TBTabBarController.m */,
				44A5D55B1EB99D2E00D924E9 /* TBLoginViewController.h */,
				44A5D55C1EB99D2E00D924E9 /* TBLoginViewController.m */,
				447E87271EBC1756005B4EE2 /* TBLoginViewController.storyboard */,
				441B8187204FECA3005EB4F2 /* TBTempTabBarViewController.h */,
				441B8188204FECA3005EB4F2 /* TBTempTabBarViewController.m */,
			);
			path = Controller;
			sourceTree = "<group>";
		};
		44A5D53E1EB87EDF00D924E9 /* View */ = {
			isa = PBXGroup;
			children = (
				44A5D54E1EB88C9100D924E9 /* TBTabBar.h */,
				44A5D54F1EB88C9100D924E9 /* TBTabBar.m */,
				44A5D5601EB9AE4400D924E9 /* TBLoginTextField.h */,
				44A5D5611EB9AE4400D924E9 /* TBLoginTextField.m */,
			);
			path = View;
			sourceTree = "<group>";
		};
		E859810EE14612C978DE1713 /* Frameworks */ = {
			isa = PBXGroup;
			children = (
				1D4634E77ED09FDC4904872E /* libPods-TonBright.a */,
			);
			name = Frameworks;
			sourceTree = "<group>";
		};
		F4239FADF00EC9E58CA48BAC /* Pods */ = {
			isa = PBXGroup;
			children = (
				36BB66F3B13A2B7559AE4F97 /* Pods-TonBright.debug.xcconfig */,
				F492298DDFEE419F458C69AA /* Pods-TonBright.release.xcconfig */,
			);
			name = Pods;
			sourceTree = "<group>";
		};
/* End PBXGroup section */

/* Begin PBXNativeTarget section */
		44A5D4E51EB8757C00D924E9 /* TonBright */ = {
			isa = PBXNativeTarget;
			buildConfigurationList = 44A5D5131EB8757C00D924E9 /* Build configuration list for PBXNativeTarget "TonBright" */;
			buildPhases = (
				3B93DF269E1448FA1BFD6B61 /* [CP] Check Pods Manifest.lock */,
				44A5D4E21EB8757C00D924E9 /* Sources */,
				44A5D4E31EB8757C00D924E9 /* Frameworks */,
				44A5D4E41EB8757C00D924E9 /* Resources */,
				DC79D1B6B082E1E70042C1B5 /* [CP] Embed Pods Frameworks */,
				0A1E6C30029785D23700985F /* [CP] Copy Pods Resources */,
			);
			buildRules = (
			);
			dependencies = (
			);
			name = TonBright;
			productName = TonBright;
			productReference = 44A5D4E61EB8757C00D924E9 /* TonBright.app */;
			productType = "com.apple.product-type.application";
		};
		44A5D4FE1EB8757C00D924E9 /* TonBrightTests */ = {
			isa = PBXNativeTarget;
			buildConfigurationList = 44A5D5161EB8757C00D924E9 /* Build configuration list for PBXNativeTarget "TonBrightTests" */;
			buildPhases = (
				44A5D4FB1EB8757C00D924E9 /* Sources */,
				44A5D4FC1EB8757C00D924E9 /* Frameworks */,
				44A5D4FD1EB8757C00D924E9 /* Resources */,
			);
			buildRules = (
			);
			dependencies = (
				44A5D5011EB8757C00D924E9 /* PBXTargetDependency */,
			);
			name = TonBrightTests;
			productName = TonBrightTests;
			productReference = 44A5D4FF1EB8757C00D924E9 /* TonBrightTests.xctest */;
			productType = "com.apple.product-type.bundle.unit-test";
		};
		44A5D5091EB8757C00D924E9 /* TonBrightUITests */ = {
			isa = PBXNativeTarget;
			buildConfigurationList = 44A5D5191EB8757C00D924E9 /* Build configuration list for PBXNativeTarget "TonBrightUITests" */;
			buildPhases = (
				44A5D5061EB8757C00D924E9 /* Sources */,
				44A5D5071EB8757C00D924E9 /* Frameworks */,
				44A5D5081EB8757C00D924E9 /* Resources */,
			);
			buildRules = (
			);
			dependencies = (
				44A5D50C1EB8757C00D924E9 /* PBXTargetDependency */,
			);
			name = TonBrightUITests;
			productName = TonBrightUITests;
			productReference = 44A5D50A1EB8757C00D924E9 /* TonBrightUITests.xctest */;
			productType = "com.apple.product-type.bundle.ui-testing";
		};
/* End PBXNativeTarget section */

/* Begin PBXProject section */
		44A5D4DE1EB8757C00D924E9 /* Project object */ = {
			isa = PBXProject;
			attributes = {
				CLASSPREFIX = TB;
				LastUpgradeCheck = 0830;
				ORGANIZATIONNAME = "jie peng";
				TargetAttributes = {
					44A5D4E51EB8757C00D924E9 = {
						CreatedOnToolsVersion = 8.3.2;
						ProvisioningStyle = Automatic;
					};
					44A5D4FE1EB8757C00D924E9 = {
						CreatedOnToolsVersion = 8.3.2;
						ProvisioningStyle = Automatic;
						TestTargetID = 44A5D4E51EB8757C00D924E9;
					};
					44A5D5091EB8757C00D924E9 = {
						CreatedOnToolsVersion = 8.3.2;
						ProvisioningStyle = Automatic;
						TestTargetID = 44A5D4E51EB8757C00D924E9;
					};
				};
			};
			buildConfigurationList = 44A5D4E11EB8757C00D924E9 /* Build configuration list for PBXProject "TonBright" */;
			compatibilityVersion = "Xcode 8.0";
			developmentRegion = English;
			hasScannedForEncodings = 0;
			knownRegions = (
				en,
				Base,
			);
			mainGroup = 44A5D4DD1EB8757C00D924E9;
			productRefGroup = 44A5D4E71EB8757C00D924E9 /* Products */;
			projectDirPath = "";
			projectRoot = "";
			targets = (
				44A5D4E51EB8757C00D924E9 /* TonBright */,
				44A5D4FE1EB8757C00D924E9 /* TonBrightTests */,
				44A5D5091EB8757C00D924E9 /* TonBrightUITests */,
			);
		};
/* End PBXProject section */

/* Begin PBXResourcesBuildPhase section */
		44A5D4E41EB8757C00D924E9 /* Resources */ = {
			isa = PBXResourcesBuildPhase;
			buildActionMask = 2147483647;
			files = (
				44A5D51F1EB87A2F00D924E9 /* Info.plist in Resources */,
				441B8181204E6468005EB4F2 /* TBFinancingPlanDataCell.xib in Resources */,
				441B817720478F4C005EB4F2 /* TBCustomerCaseContentCell.xib in Resources */,
				441B816F20466034005EB4F2 /* TBCustomerBaseContentCell.xib in Resources */,
				447E87281EBC1756005B4EE2 /* TBLoginViewController.storyboard in Resources */,
				44BE9BC42043F2F9003E1341 /* TBDetailBaseContentCell.xib in Resources */,
				44A5D4F61EB8757C00D924E9 /* Assets.xcassets in Resources */,
				44A01FCB20562457005B6054 /* AbsenceTypePickerView.xib in Resources */,
				441B817C2047FBCA005EB4F2 /* TBObjectRelateDataCell.xib in Resources */,
				442F90542031902000D049F3 /* TBContractListCell.xib in Resources */,
				44A01FBA20526A20005B6054 /* TBTimeTypeCell.xib in Resources */,
				44A01FC02052749E005B6054 /* AbsenceDatePickerView.xib in Resources */,
				44AC6828203EB40E0043316B /* TBInquireDefaultCell.xib in Resources */,
			);
			runOnlyForDeploymentPostprocessing = 0;
		};
		44A5D4FD1EB8757C00D924E9 /* Resources */ = {
			isa = PBXResourcesBuildPhase;
			buildActionMask = 2147483647;
			files = (
			);
			runOnlyForDeploymentPostprocessing = 0;
		};
		44A5D5081EB8757C00D924E9 /* Resources */ = {
			isa = PBXResourcesBuildPhase;
			buildActionMask = 2147483647;
			files = (
			);
			runOnlyForDeploymentPostprocessing = 0;
		};
/* End PBXResourcesBuildPhase section */

/* Begin PBXShellScriptBuildPhase section */
		0A1E6C30029785D23700985F /* [CP] Copy Pods Resources */ = {
			isa = PBXShellScriptBuildPhase;
			buildActionMask = 2147483647;
			files = (
			);
			inputPaths = (
				"${SRCROOT}/Pods/Target Support Files/Pods-TonBright/Pods-TonBright-resources.sh",
				"${PODS_ROOT}/SSKeychain/Support/SSKeychain.bundle",
			);
			name = "[CP] Copy Pods Resources";
			outputPaths = (
				"${TARGET_BUILD_DIR}/${UNLOCALIZED_RESOURCES_FOLDER_PATH}",
			);
			runOnlyForDeploymentPostprocessing = 0;
			shellPath = /bin/sh;
			shellScript = "\"${SRCROOT}/Pods/Target Support Files/Pods-TonBright/Pods-TonBright-resources.sh\"\n";
			showEnvVarsInLog = 0;
		};
		3B93DF269E1448FA1BFD6B61 /* [CP] Check Pods Manifest.lock */ = {
			isa = PBXShellScriptBuildPhase;
			buildActionMask = 2147483647;
			files = (
			);
			inputPaths = (
				"${PODS_PODFILE_DIR_PATH}/Podfile.lock",
				"${PODS_ROOT}/Manifest.lock",
			);
			name = "[CP] Check Pods Manifest.lock";
			outputPaths = (
				"$(DERIVED_FILE_DIR)/Pods-TonBright-checkManifestLockResult.txt",
			);
			runOnlyForDeploymentPostprocessing = 0;
			shellPath = /bin/sh;
			shellScript = "diff \"${PODS_PODFILE_DIR_PATH}/Podfile.lock\" \"${PODS_ROOT}/Manifest.lock\" > /dev/null\nif [ $? != 0 ] ; then\n    # print error to STDERR\n    echo \"error: The sandbox is not in sync with the Podfile.lock. Run 'pod install' or update your CocoaPods installation.\" >&2\n    exit 1\nfi\n# This output is used by Xcode 'outputs' to avoid re-running this script phase.\necho \"SUCCESS\" > \"${SCRIPT_OUTPUT_FILE_0}\"\n";
			showEnvVarsInLog = 0;
		};
		DC79D1B6B082E1E70042C1B5 /* [CP] Embed Pods Frameworks */ = {
			isa = PBXShellScriptBuildPhase;
			buildActionMask = 2147483647;
			files = (
			);
			inputPaths = (
			);
			name = "[CP] Embed Pods Frameworks";
			outputPaths = (
			);
			runOnlyForDeploymentPostprocessing = 0;
			shellPath = /bin/sh;
			shellScript = "\"${SRCROOT}/Pods/Target Support Files/Pods-TonBright/Pods-TonBright-frameworks.sh\"\n";
			showEnvVarsInLog = 0;
		};
/* End PBXShellScriptBuildPhase section */

/* Begin PBXSourcesBuildPhase section */
		44A5D4E21EB8757C00D924E9 /* Sources */ = {
			isa = PBXSourcesBuildPhase;
			buildActionMask = 2147483647;
			files = (
				44A5D54A1EB883AA00D924E9 /* TBMeViewController.m in Sources */,
				44AC683F20416C050043316B /* TBContractDetailData.m in Sources */,
				447E872B1EBC2592005B4EE2 /* UIView+TBMBProgressHUD.m in Sources */,
				44A01FBF2052749E005B6054 /* AbsenceDatePickerView.m in Sources */,
				44AC683C2041614D0043316B /* TBContractDetailController.m in Sources */,
				44A5D5621EB9AE4400D924E9 /* TBLoginTextField.m in Sources */,
				442F904F2031872C00D049F3 /* TBContractList.m in Sources */,
				441B8180204E6468005EB4F2 /* TBFinancingPlanDataCell.m in Sources */,
				44A01FB620511C96005B6054 /* TBApproveHisCell.m in Sources */,
				446BE09C1EC2AEB900528513 /* TBFunction.m in Sources */,
				44A5D5471EB8837500D924E9 /* TBFocusViewController.m in Sources */,
				44A5D5711EBAD71600D924E9 /* TBUser.m in Sources */,
				44AC6827203EB40E0043316B /* TBInquireDefaultCell.m in Sources */,
				44A5D55E1EB99D2E00D924E9 /* TBLoginViewController.m in Sources */,
				44A5D54D1EB883D900D924E9 /* TBTodoViewController.m in Sources */,
				442F904A20317B8C00D049F3 /* TBHTTPSessionManager.m in Sources */,
				441B817220469E9C005EB4F2 /* TBCustomerData.m in Sources */,
				44A01FC620527951005B6054 /* HelpObject.m in Sources */,
				44A01FCA20562457005B6054 /* AbsenceTypePickerView.m in Sources */,
				441B818C204FEED9005EB4F2 /* TBTempSystemViewController.m in Sources */,
				44A5D5651EB9AEAE00D924E9 /* UITextField+TBExtension.m in Sources */,
				44BE9BC32043F2F9003E1341 /* TBDetailBaseContentCell.m in Sources */,
				442F904B20317B8C00D049F3 /* TBNetWorkRequest.m in Sources */,
				441B8185204E8528005EB4F2 /* TBRepaymentplanCell.m in Sources */,
				44A01FCE205626DC005B6054 /* AbsenceTypeEnumModel.m in Sources */,
				44A5D53A1EB87A5800D924E9 /* main.m in Sources */,
				441B817620478F4C005EB4F2 /* TBCustomerCaseContentCell.m in Sources */,
				441B816E20466034005EB4F2 /* TBCustomerBaseContentCell.m in Sources */,
				442F90532031902000D049F3 /* TBContractListCell.m in Sources */,
				44A01FBB20526A20005B6054 /* TBTimeTypeCell.m in Sources */,
				442F904C20317B8C00D049F3 /* TBAPPSetting.m in Sources */,
				44A5D5441EB8833400D924E9 /* TBSystemViewController.m in Sources */,
				447E872E1EBC26F1005B4EE2 /* UIViewController+TBMBPProgressHUD.m in Sources */,
				44BA62671EC95D62009FE7DA /* TBContractListViewController.m in Sources */,
				44A5D5561EB9671B00D924E9 /* UIView+PJExtension.m in Sources */,
				441B817B2047FBCA005EB4F2 /* TBObjectRelateDataCell.m in Sources */,
				44AC6823203E707A0043316B /* TBInquireController.m in Sources */,
				441B8189204FECA3005EB4F2 /* TBTempTabBarViewController.m in Sources */,
				44A5D5391EB87A5800D924E9 /* AppDelegate.m in Sources */,
				44A01FC3205275C3005B6054 /* TBInquireData.m in Sources */,
				442F90572032D54C00D049F3 /* TBCommonItemModel.m in Sources */,
				44A5D5411EB87F3400D924E9 /* TBTabBarController.m in Sources */,
				44A5D5501EB88C9100D924E9 /* TBTabBar.m in Sources */,
				442F90652032DE8A00D049F3 /* TBSystemMenu.m in Sources */,
			);
			runOnlyForDeploymentPostprocessing = 0;
		};
		44A5D4FB1EB8757C00D924E9 /* Sources */ = {
			isa = PBXSourcesBuildPhase;
			buildActionMask = 2147483647;
			files = (
				44A5D5041EB8757C00D924E9 /* TonBrightTests.m in Sources */,
			);
			runOnlyForDeploymentPostprocessing = 0;
		};
		44A5D5061EB8757C00D924E9 /* Sources */ = {
			isa = PBXSourcesBuildPhase;
			buildActionMask = 2147483647;
			files = (
				44A5D50F1EB8757C00D924E9 /* TonBrightUITests.m in Sources */,
			);
			runOnlyForDeploymentPostprocessing = 0;
		};
/* End PBXSourcesBuildPhase section */

/* Begin PBXTargetDependency section */
		44A5D5011EB8757C00D924E9 /* PBXTargetDependency */ = {
			isa = PBXTargetDependency;
			target = 44A5D4E51EB8757C00D924E9 /* TonBright */;
			targetProxy = 44A5D5001EB8757C00D924E9 /* PBXContainerItemProxy */;
		};
		44A5D50C1EB8757C00D924E9 /* PBXTargetDependency */ = {
			isa = PBXTargetDependency;
			target = 44A5D4E51EB8757C00D924E9 /* TonBright */;
			targetProxy = 44A5D50B1EB8757C00D924E9 /* PBXContainerItemProxy */;
		};
/* End PBXTargetDependency section */

/* Begin XCBuildConfiguration section */
		44A5D5111EB8757C00D924E9 /* Debug */ = {
			isa = XCBuildConfiguration;
			buildSettings = {
				ALWAYS_SEARCH_USER_PATHS = NO;
				CLANG_ANALYZER_NONNULL = YES;
				CLANG_ANALYZER_NUMBER_OBJECT_CONVERSION = YES_AGGRESSIVE;
				CLANG_CXX_LANGUAGE_STANDARD = "gnu++0x";
				CLANG_CXX_LIBRARY = "libc++";
				CLANG_ENABLE_MODULES = YES;
				CLANG_ENABLE_OBJC_ARC = YES;
				CLANG_WARN_BOOL_CONVERSION = YES;
				CLANG_WARN_CONSTANT_CONVERSION = YES;
				CLANG_WARN_DIRECT_OBJC_ISA_USAGE = YES_ERROR;
				CLANG_WARN_DOCUMENTATION_COMMENTS = YES;
				CLANG_WARN_EMPTY_BODY = YES;
				CLANG_WARN_ENUM_CONVERSION = YES;
				CLANG_WARN_INFINITE_RECURSION = YES;
				CLANG_WARN_INT_CONVERSION = YES;
				CLANG_WARN_OBJC_ROOT_CLASS = YES_ERROR;
				CLANG_WARN_SUSPICIOUS_MOVE = YES;
				CLANG_WARN_UNREACHABLE_CODE = YES;
				CLANG_WARN__DUPLICATE_METHOD_MATCH = YES;
				"CODE_SIGN_IDENTITY[sdk=iphoneos*]" = "iPhone Developer";
				COPY_PHASE_STRIP = NO;
				DEBUG_INFORMATION_FORMAT = dwarf;
				ENABLE_STRICT_OBJC_MSGSEND = YES;
				ENABLE_TESTABILITY = YES;
				GCC_C_LANGUAGE_STANDARD = gnu99;
				GCC_DYNAMIC_NO_PIC = NO;
				GCC_NO_COMMON_BLOCKS = YES;
				GCC_OPTIMIZATION_LEVEL = 0;
				GCC_PRECOMPILE_PREFIX_HEADER = YES;
				GCC_PREFIX_HEADER = "/Users/jiepeng/代码/TonBright/TonBright.pch";
				GCC_PREPROCESSOR_DEFINITIONS = (
					"DEBUG=1",
					"$(inherited)",
				);
				GCC_WARN_64_TO_32_BIT_CONVERSION = YES;
				GCC_WARN_ABOUT_RETURN_TYPE = YES_ERROR;
				GCC_WARN_UNDECLARED_SELECTOR = YES;
				GCC_WARN_UNINITIALIZED_AUTOS = YES_AGGRESSIVE;
				GCC_WARN_UNUSED_FUNCTION = YES;
				GCC_WARN_UNUSED_VARIABLE = YES;
				IPHONEOS_DEPLOYMENT_TARGET = 10.3;
				MTL_ENABLE_DEBUG_INFO = YES;
				ONLY_ACTIVE_ARCH = YES;
				SDKROOT = iphoneos;
				TARGETED_DEVICE_FAMILY = "1,2";
			};
			name = Debug;
		};
		44A5D5121EB8757C00D924E9 /* Release */ = {
			isa = XCBuildConfiguration;
			buildSettings = {
				ALWAYS_SEARCH_USER_PATHS = NO;
				CLANG_ANALYZER_NONNULL = YES;
				CLANG_ANALYZER_NUMBER_OBJECT_CONVERSION = YES_AGGRESSIVE;
				CLANG_CXX_LANGUAGE_STANDARD = "gnu++0x";
				CLANG_CXX_LIBRARY = "libc++";
				CLANG_ENABLE_MODULES = YES;
				CLANG_ENABLE_OBJC_ARC = YES;
				CLANG_WARN_BOOL_CONVERSION = YES;
				CLANG_WARN_CONSTANT_CONVERSION = YES;
				CLANG_WARN_DIRECT_OBJC_ISA_USAGE = YES_ERROR;
				CLANG_WARN_DOCUMENTATION_COMMENTS = YES;
				CLANG_WARN_EMPTY_BODY = YES;
				CLANG_WARN_ENUM_CONVERSION = YES;
				CLANG_WARN_INFINITE_RECURSION = YES;
				CLANG_WARN_INT_CONVERSION = YES;
				CLANG_WARN_OBJC_ROOT_CLASS = YES_ERROR;
				CLANG_WARN_SUSPICIOUS_MOVE = YES;
				CLANG_WARN_UNREACHABLE_CODE = YES;
				CLANG_WARN__DUPLICATE_METHOD_MATCH = YES;
				"CODE_SIGN_IDENTITY[sdk=iphoneos*]" = "iPhone Developer";
				COPY_PHASE_STRIP = NO;
				DEBUG_INFORMATION_FORMAT = "dwarf-with-dsym";
				ENABLE_NS_ASSERTIONS = NO;
				ENABLE_STRICT_OBJC_MSGSEND = YES;
				GCC_C_LANGUAGE_STANDARD = gnu99;
				GCC_NO_COMMON_BLOCKS = YES;
				GCC_PRECOMPILE_PREFIX_HEADER = YES;
				GCC_PREFIX_HEADER = "/Users/jiepeng/代码/TonBright/TonBright.pch";
				GCC_WARN_64_TO_32_BIT_CONVERSION = YES;
				GCC_WARN_ABOUT_RETURN_TYPE = YES_ERROR;
				GCC_WARN_UNDECLARED_SELECTOR = YES;
				GCC_WARN_UNINITIALIZED_AUTOS = YES_AGGRESSIVE;
				GCC_WARN_UNUSED_FUNCTION = YES;
				GCC_WARN_UNUSED_VARIABLE = YES;
				IPHONEOS_DEPLOYMENT_TARGET = 10.3;
				MTL_ENABLE_DEBUG_INFO = NO;
				SDKROOT = iphoneos;
				TARGETED_DEVICE_FAMILY = "1,2";
				VALIDATE_PRODUCT = YES;
			};
			name = Release;
		};
		44A5D5141EB8757C00D924E9 /* Debug */ = {
			isa = XCBuildConfiguration;
			baseConfigurationReference = 36BB66F3B13A2B7559AE4F97 /* Pods-TonBright.debug.xcconfig */;
			buildSettings = {
				ASSETCATALOG_COMPILER_APPICON_NAME = AppIcon;
				ASSETCATALOG_COMPILER_LAUNCHIMAGE_NAME = LaunchImage;
				DEVELOPMENT_TEAM = H96A698YS9;
				INFOPLIST_FILE = TonBright/Info.plist;
				LD_RUNPATH_SEARCH_PATHS = "$(inherited) @executable_path/Frameworks";
				PRODUCT_BUNDLE_IDENTIFIER = com.tonbright.www.TonBright;
				PRODUCT_NAME = "$(TARGET_NAME)";
				TARGETED_DEVICE_FAMILY = 1;
			};
			name = Debug;
		};
		44A5D5151EB8757C00D924E9 /* Release */ = {
			isa = XCBuildConfiguration;
			baseConfigurationReference = F492298DDFEE419F458C69AA /* Pods-TonBright.release.xcconfig */;
			buildSettings = {
				ASSETCATALOG_COMPILER_APPICON_NAME = AppIcon;
				ASSETCATALOG_COMPILER_LAUNCHIMAGE_NAME = LaunchImage;
				DEVELOPMENT_TEAM = H96A698YS9;
				INFOPLIST_FILE = TonBright/Info.plist;
				LD_RUNPATH_SEARCH_PATHS = "$(inherited) @executable_path/Frameworks";
				PRODUCT_BUNDLE_IDENTIFIER = com.tonbright.www.TonBright;
				PRODUCT_NAME = "$(TARGET_NAME)";
				TARGETED_DEVICE_FAMILY = 1;
			};
			name = Release;
		};
		44A5D5171EB8757C00D924E9 /* Debug */ = {
			isa = XCBuildConfiguration;
			buildSettings = {
				BUNDLE_LOADER = "$(TEST_HOST)";
				INFOPLIST_FILE = TonBrightTests/Info.plist;
				LD_RUNPATH_SEARCH_PATHS = "$(inherited) @executable_path/Frameworks @loader_path/Frameworks";
				PRODUCT_BUNDLE_IDENTIFIER = com.tonbright.www.TonBrightTests;
				PRODUCT_NAME = "$(TARGET_NAME)";
				TEST_HOST = "$(BUILT_PRODUCTS_DIR)/TonBright.app/TonBright";
			};
			name = Debug;
		};
		44A5D5181EB8757C00D924E9 /* Release */ = {
			isa = XCBuildConfiguration;
			buildSettings = {
				BUNDLE_LOADER = "$(TEST_HOST)";
				INFOPLIST_FILE = TonBrightTests/Info.plist;
				LD_RUNPATH_SEARCH_PATHS = "$(inherited) @executable_path/Frameworks @loader_path/Frameworks";
				PRODUCT_BUNDLE_IDENTIFIER = com.tonbright.www.TonBrightTests;
				PRODUCT_NAME = "$(TARGET_NAME)";
				TEST_HOST = "$(BUILT_PRODUCTS_DIR)/TonBright.app/TonBright";
			};
			name = Release;
		};
		44A5D51A1EB8757C00D924E9 /* Debug */ = {
			isa = XCBuildConfiguration;
			buildSettings = {
				INFOPLIST_FILE = TonBrightUITests/Info.plist;
				LD_RUNPATH_SEARCH_PATHS = "$(inherited) @executable_path/Frameworks @loader_path/Frameworks";
				PRODUCT_BUNDLE_IDENTIFIER = com.tonbright.www.TonBrightUITests;
				PRODUCT_NAME = "$(TARGET_NAME)";
				TEST_TARGET_NAME = TonBright;
			};
			name = Debug;
		};
		44A5D51B1EB8757C00D924E9 /* Release */ = {
			isa = XCBuildConfiguration;
			buildSettings = {
				INFOPLIST_FILE = TonBrightUITests/Info.plist;
				LD_RUNPATH_SEARCH_PATHS = "$(inherited) @executable_path/Frameworks @loader_path/Frameworks";
				PRODUCT_BUNDLE_IDENTIFIER = com.tonbright.www.TonBrightUITests;
				PRODUCT_NAME = "$(TARGET_NAME)";
				TEST_TARGET_NAME = TonBright;
			};
			name = Release;
		};
/* End XCBuildConfiguration section */

/* Begin XCConfigurationList section */
		44A5D4E11EB8757C00D924E9 /* Build configuration list for PBXProject "TonBright" */ = {
			isa = XCConfigurationList;
			buildConfigurations = (
				44A5D5111EB8757C00D924E9 /* Debug */,
				44A5D5121EB8757C00D924E9 /* Release */,
			);
			defaultConfigurationIsVisible = 0;
			defaultConfigurationName = Release;
		};
		44A5D5131EB8757C00D924E9 /* Build configuration list for PBXNativeTarget "TonBright" */ = {
			isa = XCConfigurationList;
			buildConfigurations = (
				44A5D5141EB8757C00D924E9 /* Debug */,
				44A5D5151EB8757C00D924E9 /* Release */,
			);
			defaultConfigurationIsVisible = 0;
			defaultConfigurationName = Release;
		};
		44A5D5161EB8757C00D924E9 /* Build configuration list for PBXNativeTarget "TonBrightTests" */ = {
			isa = XCConfigurationList;
			buildConfigurations = (
				44A5D5171EB8757C00D924E9 /* Debug */,
				44A5D5181EB8757C00D924E9 /* Release */,
			);
			defaultConfigurationIsVisible = 0;
			defaultConfigurationName = Release;
		};
		44A5D5191EB8757C00D924E9 /* Build configuration list for PBXNativeTarget "TonBrightUITests" */ = {
			isa = XCConfigurationList;
			buildConfigurations = (
				44A5D51A1EB8757C00D924E9 /* Debug */,
				44A5D51B1EB8757C00D924E9 /* Release */,
			);
			defaultConfigurationIsVisible = 0;
			defaultConfigurationName = Release;
		};
/* End XCConfigurationList section */
	};
	rootObject = 44A5D4DE1EB8757C00D924E9 /* Project object */;
}
